
Microsoft Visual Studio Solution File, Format Version 12.00
# Visual Studio 14
VisualStudioVersion = 14.0.25420.1
MinimumVisualStudioVersion = 10.0.40219.1
Project("{8BC9CEB8-8B4A-11D0-8D11-00A0C91BC942}") = "ACM暑假训练", "ACM暑假训练\ACM暑假训练.vcxproj", "{B7A8CA18-0871-4A10-B204-2E70F334C726}"
EndProject
Project("{8BC9CEB8-8B4A-11D0-8D11-00A0C91BC942}") = "ACM模板", "2-B\2-B.vcxproj", "{33D2FAEC-8ADB-473A-9002-A2EE9EC43EA2}"
EndProject
Project("{8BC9CEB8-8B4A-11D0-8D11-00A0C91BC942}") = "D - 最大报销额", "D - 最大报销额\D - 最大报销额.vcxproj", "{D80AE851-AE8D-412C-AB14-0ADBE22D5BF3}"
EndProject
Project("{8BC9CEB8-8B4A-11D0-8D11-00A0C91BC942}") = "牛客训练-卡牌游戏", "牛客训练-卡牌游戏\牛客训练-卡牌游戏.vcxproj", "{2354C85C-3B55-4423-96AC-F06EE2BE620B}"
EndProject
Project("{8BC9CEB8-8B4A-11D0-8D11-00A0C91BC942}") = "牛客训练-平衡二叉树", "牛客训练-平衡二叉树\牛客训练-平衡二叉树.vcxproj", "{8AD179C5-69F0-408B-A65D-CC38FD230BEA}"
EndProject
Project("{8BC9CEB8-8B4A-11D0-8D11-00A0C91BC942}") = "Fibonacci Tree", "Fibonacci Tree\Fibonacci Tree.vcxproj", "{BB2A1994-E1F8-4C0A-B421-3A761910D75F}"
EndProject
Project("{8BC9CEB8-8B4A-11D0-8D11-00A0C91BC942}") = "Hard Disk Drive", "Hard Disk Drive\Hard Disk Drive.vcxproj", "{15038710-9DDA-4E05-B32D-CF7249E60349}"
EndProject
Project("{8BC9CEB8-8B4A-11D0-8D11-00A0C91BC942}") = "Stealing Harry Potter's Precious", "Stealing Harry Potter's Precious\Stealing Harry Potter's Precious.vcxproj", "{BCC72C08-A271-4AFE-A9BE-149580AD3B83}"
EndProject
Project("{8BC9CEB8-8B4A-11D0-8D11-00A0C91BC942}") = "Zhuge Liang's Password", "Zhuge Liang's Password\Zhuge Liang's Password.vcxproj", "{EDB39A4A-1969-4F6D-BCBD-57F09275796A}"
EndProject
Project("{8BC9CEB8-8B4A-11D0-8D11-00A0C91BC942}") = "牛客训练-Board", "牛客训练-Board\牛客训练-Board.vcxproj", "{7677F985-86C0-4E09-8455-7CC9061E6F5B}"
EndProject
Project("{8BC9CEB8-8B4A-11D0-8D11-00A0C91BC942}") = "牛客训练-Birthday", "牛客训练-Birthday\牛客训练-Birthday.vcxproj", "{52F695B0-BC0C-4B34-A157-0C4BF1E33646}"
EndProject
Project("{8BC9CEB8-8B4A-11D0-8D11-00A0C91BC942}") = "牛客训练-Birthday2", "牛客训练-Birthday2\牛客训练-Birthday2.vcxproj", "{A7B3A358-BC1C-40C0-BC7C-23174E9DFE24}"
EndProject
Project("{8BC9CEB8-8B4A-11D0-8D11-00A0C91BC942}") = "牛客训练-Pocket Cube", "牛客训练-Pocket Cube\牛客训练-Pocket Cube.vcxproj", "{922EEC27-5374-4985-B6F2-3196C54664AF}"
EndProject
Project("{8BC9CEB8-8B4A-11D0-8D11-00A0C91BC942}") = "A-Fruit Ninja", "A-Fruit Ninja\A-Fruit Ninja.vcxproj", "{68DCAE77-74D2-4FD5-BE07-7C6C9856460D}"
EndProject
Project("{8BC9CEB8-8B4A-11D0-8D11-00A0C91BC942}") = "J- Beautiful Numbers", "J- Beautiful Numbers\J- Beautiful Numbers.vcxproj", "{EF61F520-EB4C-4F05-B6FA-40F90B14B19C}"
EndProject
Project("{8BC9CEB8-8B4A-11D0-8D11-00A0C91BC942}") = "1100奇怪的打印机", "1100奇怪的打印机\1100奇怪的打印机.vcxproj", "{45459B22-C062-4139-B9B2-732AFCCDA775}"
EndProject
Project("{8BC9CEB8-8B4A-11D0-8D11-00A0C91BC942}") = "M - Safest Buildings", "M - Safest Buildings\M - Safest Buildings.vcxproj", "{CCD0291B-B6D0-40E4-AC12-D46B7C565534}"
EndProject
Project("{8BC9CEB8-8B4A-11D0-8D11-00A0C91BC942}") = "Project1", "Project1\Project1.vcxproj", "{55A38741-C275-4C3E-B4E4-DCAB34D018A4}"
EndProject
Project("{8BC9CEB8-8B4A-11D0-8D11-00A0C91BC942}") = "Balloon Robot", "Balloon Robot\Balloon Robot.vcxproj", "{16572057-D3FE-4057-8AAE-26BE5828B81B}"
EndProject
Project("{8BC9CEB8-8B4A-11D0-8D11-00A0C91BC942}") = "M - Geometry Problem", "M - Geometry Problem\M - Geometry Problem.vcxproj", "{AFBBA135-2DC5-48A7-9F02-362677A393DE}"
EndProject
Project("{8BC9CEB8-8B4A-11D0-8D11-00A0C91BC942}") = "打表", "打表\打表.vcxproj", "{EC54C205-5CE7-4774-9A24-A30C834D9624}"
EndProject
Project("{8BC9CEB8-8B4A-11D0-8D11-00A0C91BC942}") = "Subway Chasing", "Subway Chasing\Subway Chasing.vcxproj", "{C5ADAFFC-324E-49B3-B4C8-D5A2470C4F17}"
EndProject
Project("{8BC9CEB8-8B4A-11D0-8D11-00A0C91BC942}") = "H. House Lawn", "H. House Lawn\H. House Lawn.vcxproj", "{7D3DBB11-0A48-4984-AE1D-916D1DD79B18}"
EndProject
Project("{8BC9CEB8-8B4A-11D0-8D11-00A0C91BC942}") = "J. Jumbled String", "J. Jumbled String\J. Jumbled String.vcxproj", "{748DD391-3674-4F72-BBB1-4F08D9BC73ED}"
EndProject
Project("{8BC9CEB8-8B4A-11D0-8D11-00A0C91BC942}") = "L - Tree", "L - Tree\L - Tree.vcxproj", "{D652E5FF-980C-4BDD-8A01-11DA347776B1}"
EndProject
Project("{8BC9CEB8-8B4A-11D0-8D11-00A0C91BC942}") = "B - The Difference", "B - The Difference\B - The Difference.vcxproj", "{42284B83-2861-46E3-815F-A4D8A38EC8CD}"
EndProject
Project("{8BC9CEB8-8B4A-11D0-8D11-00A0C91BC942}") = "D - Fence Building", "D - Fence Building\D - Fence Building.vcxproj", "{3FBBC8B7-10E4-4130-ABC2-664D3753E035}"
EndProject
Project("{8BC9CEB8-8B4A-11D0-8D11-00A0C91BC942}") = "[编程题] 有趣的数字", "[编程题] 有趣的数字\[编程题] 有趣的数字.vcxproj", "{9B844EB3-12CC-490E-B2C6-B220B7DF6D58}"
EndProject
Project("{8BC9CEB8-8B4A-11D0-8D11-00A0C91BC942}") = "[编程题] 算法基础-字符移位", "[编程题] 算法基础-字符移位\[编程题] 算法基础-字符移位.vcxproj", "{47F608CA-2A23-464A-A227-8BE407A9E356}"
EndProject
Project("{8BC9CEB8-8B4A-11D0-8D11-00A0C91BC942}") = "[编程题] 构造回文", "[编程题] 构造回文\[编程题] 构造回文.vcxproj", "{2A3E8327-EFE1-48D5-97F5-39440D930A3A}"
EndProject
Project("{8BC9CEB8-8B4A-11D0-8D11-00A0C91BC942}") = "[编程题] 素数对", "[编程题] 素数对\[编程题] 素数对.vcxproj", "{7F310D88-B6E5-492B-9DBE-F5ABAE99FDDF}"
EndProject
Global
	GlobalSection(SolutionConfigurationPlatforms) = preSolution
		Debug|x64 = Debug|x64
		Debug|x86 = Debug|x86
		Release|x64 = Release|x64
		Release|x86 = Release|x86
	EndGlobalSection
	GlobalSection(ProjectConfigurationPlatforms) = postSolution
		{B7A8CA18-0871-4A10-B204-2E70F334C726}.Debug|x64.ActiveCfg = Debug|x64
		{B7A8CA18-0871-4A10-B204-2E70F334C726}.Debug|x64.Build.0 = Debug|x64
		{B7A8CA18-0871-4A10-B204-2E70F334C726}.Debug|x86.ActiveCfg = Debug|Win32
		{B7A8CA18-0871-4A10-B204-2E70F334C726}.Debug|x86.Build.0 = Debug|Win32
		{B7A8CA18-0871-4A10-B204-2E70F334C726}.Release|x64.ActiveCfg = Release|x64
		{B7A8CA18-0871-4A10-B204-2E70F334C726}.Release|x64.Build.0 = Release|x64
		{B7A8CA18-0871-4A10-B204-2E70F334C726}.Release|x86.ActiveCfg = Release|Win32
		{B7A8CA18-0871-4A10-B204-2E70F334C726}.Release|x86.Build.0 = Release|Win32
		{33D2FAEC-8ADB-473A-9002-A2EE9EC43EA2}.Debug|x64.ActiveCfg = Debug|x64
		{33D2FAEC-8ADB-473A-9002-A2EE9EC43EA2}.Debug|x64.Build.0 = Debug|x64
		{33D2FAEC-8ADB-473A-9002-A2EE9EC43EA2}.Debug|x86.ActiveCfg = Debug|Win32
		{33D2FAEC-8ADB-473A-9002-A2EE9EC43EA2}.Debug|x86.Build.0 = Debug|Win32
		{33D2FAEC-8ADB-473A-9002-A2EE9EC43EA2}.Release|x64.ActiveCfg = Release|x64
		{33D2FAEC-8ADB-473A-9002-A2EE9EC43EA2}.Release|x64.Build.0 = Release|x64
		{33D2FAEC-8ADB-473A-9002-A2EE9EC43EA2}.Release|x86.ActiveCfg = Release|Win32
		{33D2FAEC-8ADB-473A-9002-A2EE9EC43EA2}.Release|x86.Build.0 = Release|Win32
		{D80AE851-AE8D-412C-AB14-0ADBE22D5BF3}.Debug|x64.ActiveCfg = Debug|x64
		{D80AE851-AE8D-412C-AB14-0ADBE22D5BF3}.Debug|x64.Build.0 = Debug|x64
		{D80AE851-AE8D-412C-AB14-0ADBE22D5BF3}.Debug|x86.ActiveCfg = Debug|Win32
		{D80AE851-AE8D-412C-AB14-0ADBE22D5BF3}.Debug|x86.Build.0 = Debug|Win32
		{D80AE851-AE8D-412C-AB14-0ADBE22D5BF3}.Release|x64.ActiveCfg = Release|x64
		{D80AE851-AE8D-412C-AB14-0ADBE22D5BF3}.Release|x64.Build.0 = Release|x64
		{D80AE851-AE8D-412C-AB14-0ADBE22D5BF3}.Release|x86.ActiveCfg = Release|Win32
		{D80AE851-AE8D-412C-AB14-0ADBE22D5BF3}.Release|x86.Build.0 = Release|Win32
		{2354C85C-3B55-4423-96AC-F06EE2BE620B}.Debug|x64.ActiveCfg = Debug|x64
		{2354C85C-3B55-4423-96AC-F06EE2BE620B}.Debug|x64.Build.0 = Debug|x64
		{2354C85C-3B55-4423-96AC-F06EE2BE620B}.Debug|x86.ActiveCfg = Debug|Win32
		{2354C85C-3B55-4423-96AC-F06EE2BE620B}.Debug|x86.Build.0 = Debug|Win32
		{2354C85C-3B55-4423-96AC-F06EE2BE620B}.Release|x64.ActiveCfg = Release|x64
		{2354C85C-3B55-4423-96AC-F06EE2BE620B}.Release|x64.Build.0 = Release|x64
		{2354C85C-3B55-4423-96AC-F06EE2BE620B}.Release|x86.ActiveCfg = Release|Win32
		{2354C85C-3B55-4423-96AC-F06EE2BE620B}.Release|x86.Build.0 = Release|Win32
		{8AD179C5-69F0-408B-A65D-CC38FD230BEA}.Debug|x64.ActiveCfg = Debug|x64
		{8AD179C5-69F0-408B-A65D-CC38FD230BEA}.Debug|x64.Build.0 = Debug|x64
		{8AD179C5-69F0-408B-A65D-CC38FD230BEA}.Debug|x86.ActiveCfg = Debug|Win32
		{8AD179C5-69F0-408B-A65D-CC38FD230BEA}.Debug|x86.Build.0 = Debug|Win32
		{8AD179C5-69F0-408B-A65D-CC38FD230BEA}.Release|x64.ActiveCfg = Release|x64
		{8AD179C5-69F0-408B-A65D-CC38FD230BEA}.Release|x64.Build.0 = Release|x64
		{8AD179C5-69F0-408B-A65D-CC38FD230BEA}.Release|x86.ActiveCfg = Release|Win32
		{8AD179C5-69F0-408B-A65D-CC38FD230BEA}.Release|x86.Build.0 = Release|Win32
		{BB2A1994-E1F8-4C0A-B421-3A761910D75F}.Debug|x64.ActiveCfg = Debug|x64
		{BB2A1994-E1F8-4C0A-B421-3A761910D75F}.Debug|x64.Build.0 = Debug|x64
		{BB2A1994-E1F8-4C0A-B421-3A761910D75F}.Debug|x86.ActiveCfg = Debug|Win32
		{BB2A1994-E1F8-4C0A-B421-3A761910D75F}.Debug|x86.Build.0 = Debug|Win32
		{BB2A1994-E1F8-4C0A-B421-3A761910D75F}.Release|x64.ActiveCfg = Release|x64
		{BB2A1994-E1F8-4C0A-B421-3A761910D75F}.Release|x64.Build.0 = Release|x64
		{BB2A1994-E1F8-4C0A-B421-3A761910D75F}.Release|x86.ActiveCfg = Release|Win32
		{BB2A1994-E1F8-4C0A-B421-3A761910D75F}.Release|x86.Build.0 = Release|Win32
		{15038710-9DDA-4E05-B32D-CF7249E60349}.Debug|x64.ActiveCfg = Debug|x64
		{15038710-9DDA-4E05-B32D-CF7249E60349}.Debug|x64.Build.0 = Debug|x64
		{15038710-9DDA-4E05-B32D-CF7249E60349}.Debug|x86.ActiveCfg = Debug|Win32
		{15038710-9DDA-4E05-B32D-CF7249E60349}.Debug|x86.Build.0 = Debug|Win32
		{15038710-9DDA-4E05-B32D-CF7249E60349}.Release|x64.ActiveCfg = Release|x64
		{15038710-9DDA-4E05-B32D-CF7249E60349}.Release|x64.Build.0 = Release|x64
		{15038710-9DDA-4E05-B32D-CF7249E60349}.Release|x86.ActiveCfg = Release|Win32
		{15038710-9DDA-4E05-B32D-CF7249E60349}.Release|x86.Build.0 = Release|Win32
		{BCC72C08-A271-4AFE-A9BE-149580AD3B83}.Debug|x64.ActiveCfg = Debug|x64
		{BCC72C08-A271-4AFE-A9BE-149580AD3B83}.Debug|x64.Build.0 = Debug|x64
		{BCC72C08-A271-4AFE-A9BE-149580AD3B83}.Debug|x86.ActiveCfg = Debug|Win32
		{BCC72C08-A271-4AFE-A9BE-149580AD3B83}.Debug|x86.Build.0 = Debug|Win32
		{BCC72C08-A271-4AFE-A9BE-149580AD3B83}.Release|x64.ActiveCfg = Release|x64
		{BCC72C08-A271-4AFE-A9BE-149580AD3B83}.Release|x64.Build.0 = Release|x64
		{BCC72C08-A271-4AFE-A9BE-149580AD3B83}.Release|x86.ActiveCfg = Release|Win32
		{BCC72C08-A271-4AFE-A9BE-149580AD3B83}.Release|x86.Build.0 = Release|Win32
		{EDB39A4A-1969-4F6D-BCBD-57F09275796A}.Debug|x64.ActiveCfg = Debug|x64
		{EDB39A4A-1969-4F6D-BCBD-57F09275796A}.Debug|x64.Build.0 = Debug|x64
		{EDB39A4A-1969-4F6D-BCBD-57F09275796A}.Debug|x86.ActiveCfg = Debug|Win32
		{EDB39A4A-1969-4F6D-BCBD-57F09275796A}.Debug|x86.Build.0 = Debug|Win32
		{EDB39A4A-1969-4F6D-BCBD-57F09275796A}.Release|x64.ActiveCfg = Release|x64
		{EDB39A4A-1969-4F6D-BCBD-57F09275796A}.Release|x64.Build.0 = Release|x64
		{EDB39A4A-1969-4F6D-BCBD-57F09275796A}.Release|x86.ActiveCfg = Release|Win32
		{EDB39A4A-1969-4F6D-BCBD-57F09275796A}.Release|x86.Build.0 = Release|Win32
		{7677F985-86C0-4E09-8455-7CC9061E6F5B}.Debug|x64.ActiveCfg = Debug|x64
		{7677F985-86C0-4E09-8455-7CC9061E6F5B}.Debug|x64.Build.0 = Debug|x64
		{7677F985-86C0-4E09-8455-7CC9061E6F5B}.Debug|x86.ActiveCfg = Debug|Win32
		{7677F985-86C0-4E09-8455-7CC9061E6F5B}.Debug|x86.Build.0 = Debug|Win32
		{7677F985-86C0-4E09-8455-7CC9061E6F5B}.Release|x64.ActiveCfg = Release|x64
		{7677F985-86C0-4E09-8455-7CC9061E6F5B}.Release|x64.Build.0 = Release|x64
		{7677F985-86C0-4E09-8455-7CC9061E6F5B}.Release|x86.ActiveCfg = Release|Win32
		{7677F985-86C0-4E09-8455-7CC9061E6F5B}.Release|x86.Build.0 = Release|Win32
		{52F695B0-BC0C-4B34-A157-0C4BF1E33646}.Debug|x64.ActiveCfg = Debug|x64
		{52F695B0-BC0C-4B34-A157-0C4BF1E33646}.Debug|x64.Build.0 = Debug|x64
		{52F695B0-BC0C-4B34-A157-0C4BF1E33646}.Debug|x86.ActiveCfg = Debug|Win32
		{52F695B0-BC0C-4B34-A157-0C4BF1E33646}.Debug|x86.Build.0 = Debug|Win32
		{52F695B0-BC0C-4B34-A157-0C4BF1E33646}.Release|x64.ActiveCfg = Release|x64
		{52F695B0-BC0C-4B34-A157-0C4BF1E33646}.Release|x64.Build.0 = Release|x64
		{52F695B0-BC0C-4B34-A157-0C4BF1E33646}.Release|x86.ActiveCfg = Release|Win32
		{52F695B0-BC0C-4B34-A157-0C4BF1E33646}.Release|x86.Build.0 = Release|Win32
		{A7B3A358-BC1C-40C0-BC7C-23174E9DFE24}.Debug|x64.ActiveCfg = Debug|x64
		{A7B3A358-BC1C-40C0-BC7C-23174E9DFE24}.Debug|x64.Build.0 = Debug|x64
		{A7B3A358-BC1C-40C0-BC7C-23174E9DFE24}.Debug|x86.ActiveCfg = Debug|Win32
		{A7B3A358-BC1C-40C0-BC7C-23174E9DFE24}.Debug|x86.Build.0 = Debug|Win32
		{A7B3A358-BC1C-40C0-BC7C-23174E9DFE24}.Release|x64.ActiveCfg = Release|x64
		{A7B3A358-BC1C-40C0-BC7C-23174E9DFE24}.Release|x64.Build.0 = Release|x64
		{A7B3A358-BC1C-40C0-BC7C-23174E9DFE24}.Release|x86.ActiveCfg = Release|Win32
		{A7B3A358-BC1C-40C0-BC7C-23174E9DFE24}.Release|x86.Build.0 = Release|Win32
		{922EEC27-5374-4985-B6F2-3196C54664AF}.Debug|x64.ActiveCfg = Debug|x64
		{922EEC27-5374-4985-B6F2-3196C54664AF}.Debug|x64.Build.0 = Debug|x64
		{922EEC27-5374-4985-B6F2-3196C54664AF}.Debug|x86.ActiveCfg = Debug|Win32
		{922EEC27-5374-4985-B6F2-3196C54664AF}.Debug|x86.Build.0 = Debug|Win32
		{922EEC27-5374-4985-B6F2-3196C54664AF}.Release|x64.ActiveCfg = Release|x64
		{922EEC27-5374-4985-B6F2-3196C54664AF}.Release|x64.Build.0 = Release|x64
		{922EEC27-5374-4985-B6F2-3196C54664AF}.Release|x86.ActiveCfg = Release|Win32
		{922EEC27-5374-4985-B6F2-3196C54664AF}.Release|x86.Build.0 = Release|Win32
		{68DCAE77-74D2-4FD5-BE07-7C6C9856460D}.Debug|x64.ActiveCfg = Debug|x64
		{68DCAE77-74D2-4FD5-BE07-7C6C9856460D}.Debug|x64.Build.0 = Debug|x64
		{68DCAE77-74D2-4FD5-BE07-7C6C9856460D}.Debug|x86.ActiveCfg = Debug|Win32
		{68DCAE77-74D2-4FD5-BE07-7C6C9856460D}.Debug|x86.Build.0 = Debug|Win32
		{68DCAE77-74D2-4FD5-BE07-7C6C9856460D}.Release|x64.ActiveCfg = Release|x64
		{68DCAE77-74D2-4FD5-BE07-7C6C9856460D}.Release|x64.Build.0 = Release|x64
		{68DCAE77-74D2-4FD5-BE07-7C6C9856460D}.Release|x86.ActiveCfg = Release|Win32
		{68DCAE77-74D2-4FD5-BE07-7C6C9856460D}.Release|x86.Build.0 = Release|Win32
		{EF61F520-EB4C-4F05-B6FA-40F90B14B19C}.Debug|x64.ActiveCfg = Debug|x64
		{EF61F520-EB4C-4F05-B6FA-40F90B14B19C}.Debug|x64.Build.0 = Debug|x64
		{EF61F520-EB4C-4F05-B6FA-40F90B14B19C}.Debug|x86.ActiveCfg = Debug|Win32
		{EF61F520-EB4C-4F05-B6FA-40F90B14B19C}.Debug|x86.Build.0 = Debug|Win32
		{EF61F520-EB4C-4F05-B6FA-40F90B14B19C}.Release|x64.ActiveCfg = Release|x64
		{EF61F520-EB4C-4F05-B6FA-40F90B14B19C}.Release|x64.Build.0 = Release|x64
		{EF61F520-EB4C-4F05-B6FA-40F90B14B19C}.Release|x86.ActiveCfg = Release|Win32
		{EF61F520-EB4C-4F05-B6FA-40F90B14B19C}.Release|x86.Build.0 = Release|Win32
		{45459B22-C062-4139-B9B2-732AFCCDA775}.Debug|x64.ActiveCfg = Debug|x64
		{45459B22-C062-4139-B9B2-732AFCCDA775}.Debug|x64.Build.0 = Debug|x64
		{45459B22-C062-4139-B9B2-732AFCCDA775}.Debug|x86.ActiveCfg = Debug|Win32
		{45459B22-C062-4139-B9B2-732AFCCDA775}.Debug|x86.Build.0 = Debug|Win32
		{45459B22-C062-4139-B9B2-732AFCCDA775}.Release|x64.ActiveCfg = Release|x64
		{45459B22-C062-4139-B9B2-732AFCCDA775}.Release|x64.Build.0 = Release|x64
		{45459B22-C062-4139-B9B2-732AFCCDA775}.Release|x86.ActiveCfg = Release|Win32
		{45459B22-C062-4139-B9B2-732AFCCDA775}.Release|x86.Build.0 = Release|Win32
		{CCD0291B-B6D0-40E4-AC12-D46B7C565534}.Debug|x64.ActiveCfg = Debug|x64
		{CCD0291B-B6D0-40E4-AC12-D46B7C565534}.Debug|x64.Build.0 = Debug|x64
		{CCD0291B-B6D0-40E4-AC12-D46B7C565534}.Debug|x86.ActiveCfg = Debug|Win32
		{CCD0291B-B6D0-40E4-AC12-D46B7C565534}.Debug|x86.Build.0 = Debug|Win32
		{CCD0291B-B6D0-40E4-AC12-D46B7C565534}.Release|x64.ActiveCfg = Release|x64
		{CCD0291B-B6D0-40E4-AC12-D46B7C565534}.Release|x64.Build.0 = Release|x64
		{CCD0291B-B6D0-40E4-AC12-D46B7C565534}.Release|x86.ActiveCfg = Release|Win32
		{CCD0291B-B6D0-40E4-AC12-D46B7C565534}.Release|x86.Build.0 = Release|Win32
		{55A38741-C275-4C3E-B4E4-DCAB34D018A4}.Debug|x64.ActiveCfg = Debug|x64
		{55A38741-C275-4C3E-B4E4-DCAB34D018A4}.Debug|x64.Build.0 = Debug|x64
		{55A38741-C275-4C3E-B4E4-DCAB34D018A4}.Debug|x86.ActiveCfg = Debug|Win32
		{55A38741-C275-4C3E-B4E4-DCAB34D018A4}.Debug|x86.Build.0 = Debug|Win32
		{55A38741-C275-4C3E-B4E4-DCAB34D018A4}.Release|x64.ActiveCfg = Release|x64
		{55A38741-C275-4C3E-B4E4-DCAB34D018A4}.Release|x64.Build.0 = Release|x64
		{55A38741-C275-4C3E-B4E4-DCAB34D018A4}.Release|x86.ActiveCfg = Release|Win32
		{55A38741-C275-4C3E-B4E4-DCAB34D018A4}.Release|x86.Build.0 = Release|Win32
		{16572057-D3FE-4057-8AAE-26BE5828B81B}.Debug|x64.ActiveCfg = Debug|x64
		{16572057-D3FE-4057-8AAE-26BE5828B81B}.Debug|x64.Build.0 = Debug|x64
		{16572057-D3FE-4057-8AAE-26BE5828B81B}.Debug|x86.ActiveCfg = Debug|Win32
		{16572057-D3FE-4057-8AAE-26BE5828B81B}.Debug|x86.Build.0 = Debug|Win32
		{16572057-D3FE-4057-8AAE-26BE5828B81B}.Release|x64.ActiveCfg = Release|x64
		{16572057-D3FE-4057-8AAE-26BE5828B81B}.Release|x64.Build.0 = Release|x64
		{16572057-D3FE-4057-8AAE-26BE5828B81B}.Release|x86.ActiveCfg = Release|Win32
		{16572057-D3FE-4057-8AAE-26BE5828B81B}.Release|x86.Build.0 = Release|Win32
		{AFBBA135-2DC5-48A7-9F02-362677A393DE}.Debug|x64.ActiveCfg = Debug|x64
		{AFBBA135-2DC5-48A7-9F02-362677A393DE}.Debug|x64.Build.0 = Debug|x64
		{AFBBA135-2DC5-48A7-9F02-362677A393DE}.Debug|x86.ActiveCfg = Debug|Win32
		{AFBBA135-2DC5-48A7-9F02-362677A393DE}.Debug|x86.Build.0 = Debug|Win32
		{AFBBA135-2DC5-48A7-9F02-362677A393DE}.Release|x64.ActiveCfg = Release|x64
		{AFBBA135-2DC5-48A7-9F02-362677A393DE}.Release|x64.Build.0 = Release|x64
		{AFBBA135-2DC5-48A7-9F02-362677A393DE}.Release|x86.ActiveCfg = Release|Win32
		{AFBBA135-2DC5-48A7-9F02-362677A393DE}.Release|x86.Build.0 = Release|Win32
		{EC54C205-5CE7-4774-9A24-A30C834D9624}.Debug|x64.ActiveCfg = Debug|x64
		{EC54C205-5CE7-4774-9A24-A30C834D9624}.Debug|x64.Build.0 = Debug|x64
		{EC54C205-5CE7-4774-9A24-A30C834D9624}.Debug|x86.ActiveCfg = Debug|Win32
		{EC54C205-5CE7-4774-9A24-A30C834D9624}.Debug|x86.Build.0 = Debug|Win32
		{EC54C205-5CE7-4774-9A24-A30C834D9624}.Release|x64.ActiveCfg = Release|x64
		{EC54C205-5CE7-4774-9A24-A30C834D9624}.Release|x64.Build.0 = Release|x64
		{EC54C205-5CE7-4774-9A24-A30C834D9624}.Release|x86.ActiveCfg = Release|Win32
		{EC54C205-5CE7-4774-9A24-A30C834D9624}.Release|x86.Build.0 = Release|Win32
		{C5ADAFFC-324E-49B3-B4C8-D5A2470C4F17}.Debug|x64.ActiveCfg = Debug|x64
		{C5ADAFFC-324E-49B3-B4C8-D5A2470C4F17}.Debug|x64.Build.0 = Debug|x64
		{C5ADAFFC-324E-49B3-B4C8-D5A2470C4F17}.Debug|x86.ActiveCfg = Debug|Win32
		{C5ADAFFC-324E-49B3-B4C8-D5A2470C4F17}.Debug|x86.Build.0 = Debug|Win32
		{C5ADAFFC-324E-49B3-B4C8-D5A2470C4F17}.Release|x64.ActiveCfg = Release|x64
		{C5ADAFFC-324E-49B3-B4C8-D5A2470C4F17}.Release|x64.Build.0 = Release|x64
		{C5ADAFFC-324E-49B3-B4C8-D5A2470C4F17}.Release|x86.ActiveCfg = Release|Win32
		{C5ADAFFC-324E-49B3-B4C8-D5A2470C4F17}.Release|x86.Build.0 = Release|Win32
		{7D3DBB11-0A48-4984-AE1D-916D1DD79B18}.Debug|x64.ActiveCfg = Debug|x64
		{7D3DBB11-0A48-4984-AE1D-916D1DD79B18}.Debug|x64.Build.0 = Debug|x64
		{7D3DBB11-0A48-4984-AE1D-916D1DD79B18}.Debug|x86.ActiveCfg = Debug|Win32
		{7D3DBB11-0A48-4984-AE1D-916D1DD79B18}.Debug|x86.Build.0 = Debug|Win32
		{7D3DBB11-0A48-4984-AE1D-916D1DD79B18}.Release|x64.ActiveCfg = Release|x64
		{7D3DBB11-0A48-4984-AE1D-916D1DD79B18}.Release|x64.Build.0 = Release|x64
		{7D3DBB11-0A48-4984-AE1D-916D1DD79B18}.Release|x86.ActiveCfg = Release|Win32
		{7D3DBB11-0A48-4984-AE1D-916D1DD79B18}.Release|x86.Build.0 = Release|Win32
		{748DD391-3674-4F72-BBB1-4F08D9BC73ED}.Debug|x64.ActiveCfg = Debug|x64
		{748DD391-3674-4F72-BBB1-4F08D9BC73ED}.Debug|x64.Build.0 = Debug|x64
		{748DD391-3674-4F72-BBB1-4F08D9BC73ED}.Debug|x86.ActiveCfg = Debug|Win32
		{748DD391-3674-4F72-BBB1-4F08D9BC73ED}.Debug|x86.Build.0 = Debug|Win32
		{748DD391-3674-4F72-BBB1-4F08D9BC73ED}.Release|x64.ActiveCfg = Release|x64
		{748DD391-3674-4F72-BBB1-4F08D9BC73ED}.Release|x64.Build.0 = Release|x64
		{748DD391-3674-4F72-BBB1-4F08D9BC73ED}.Release|x86.ActiveCfg = Release|Win32
		{748DD391-3674-4F72-BBB1-4F08D9BC73ED}.Release|x86.Build.0 = Release|Win32
		{D652E5FF-980C-4BDD-8A01-11DA347776B1}.Debug|x64.ActiveCfg = Debug|x64
		{D652E5FF-980C-4BDD-8A01-11DA347776B1}.Debug|x64.Build.0 = Debug|x64
		{D652E5FF-980C-4BDD-8A01-11DA347776B1}.Debug|x86.ActiveCfg = Debug|Win32
		{D652E5FF-980C-4BDD-8A01-11DA347776B1}.Debug|x86.Build.0 = Debug|Win32
		{D652E5FF-980C-4BDD-8A01-11DA347776B1}.Release|x64.ActiveCfg = Release|x64
		{D652E5FF-980C-4BDD-8A01-11DA347776B1}.Release|x64.Build.0 = Release|x64
		{D652E5FF-980C-4BDD-8A01-11DA347776B1}.Release|x86.ActiveCfg = Release|Win32
		{D652E5FF-980C-4BDD-8A01-11DA347776B1}.Release|x86.Build.0 = Release|Win32
		{42284B83-2861-46E3-815F-A4D8A38EC8CD}.Debug|x64.ActiveCfg = Debug|x64
		{42284B83-2861-46E3-815F-A4D8A38EC8CD}.Debug|x64.Build.0 = Debug|x64
		{42284B83-2861-46E3-815F-A4D8A38EC8CD}.Debug|x86.ActiveCfg = Debug|Win32
		{42284B83-2861-46E3-815F-A4D8A38EC8CD}.Debug|x86.Build.0 = Debug|Win32
		{42284B83-2861-46E3-815F-A4D8A38EC8CD}.Release|x64.ActiveCfg = Release|x64
		{42284B83-2861-46E3-815F-A4D8A38EC8CD}.Release|x64.Build.0 = Release|x64
		{42284B83-2861-46E3-815F-A4D8A38EC8CD}.Release|x86.ActiveCfg = Release|Win32
		{42284B83-2861-46E3-815F-A4D8A38EC8CD}.Release|x86.Build.0 = Release|Win32
		{3FBBC8B7-10E4-4130-ABC2-664D3753E035}.Debug|x64.ActiveCfg = Debug|x64
		{3FBBC8B7-10E4-4130-ABC2-664D3753E035}.Debug|x64.Build.0 = Debug|x64
		{3FBBC8B7-10E4-4130-ABC2-664D3753E035}.Debug|x86.ActiveCfg = Debug|Win32
		{3FBBC8B7-10E4-4130-ABC2-664D3753E035}.Debug|x86.Build.0 = Debug|Win32
		{3FBBC8B7-10E4-4130-ABC2-664D3753E035}.Release|x64.ActiveCfg = Release|x64
		{3FBBC8B7-10E4-4130-ABC2-664D3753E035}.Release|x64.Build.0 = Release|x64
		{3FBBC8B7-10E4-4130-ABC2-664D3753E035}.Release|x86.ActiveCfg = Release|Win32
		{3FBBC8B7-10E4-4130-ABC2-664D3753E035}.Release|x86.Build.0 = Release|Win32
		{9B844EB3-12CC-490E-B2C6-B220B7DF6D58}.Debug|x64.ActiveCfg = Debug|x64
		{9B844EB3-12CC-490E-B2C6-B220B7DF6D58}.Debug|x64.Build.0 = Debug|x64
		{9B844EB3-12CC-490E-B2C6-B220B7DF6D58}.Debug|x86.ActiveCfg = Debug|Win32
		{9B844EB3-12CC-490E-B2C6-B220B7DF6D58}.Debug|x86.Build.0 = Debug|Win32
		{9B844EB3-12CC-490E-B2C6-B220B7DF6D58}.Release|x64.ActiveCfg = Release|x64
		{9B844EB3-12CC-490E-B2C6-B220B7DF6D58}.Release|x64.Build.0 = Release|x64
		{9B844EB3-12CC-490E-B2C6-B220B7DF6D58}.Release|x86.ActiveCfg = Release|Win32
		{9B844EB3-12CC-490E-B2C6-B220B7DF6D58}.Release|x86.Build.0 = Release|Win32
		{47F608CA-2A23-464A-A227-8BE407A9E356}.Debug|x64.ActiveCfg = Debug|x64
		{47F608CA-2A23-464A-A227-8BE407A9E356}.Debug|x64.Build.0 = Debug|x64
		{47F608CA-2A23-464A-A227-8BE407A9E356}.Debug|x86.ActiveCfg = Debug|Win32
		{47F608CA-2A23-464A-A227-8BE407A9E356}.Debug|x86.Build.0 = Debug|Win32
		{47F608CA-2A23-464A-A227-8BE407A9E356}.Release|x64.ActiveCfg = Release|x64
		{47F608CA-2A23-464A-A227-8BE407A9E356}.Release|x64.Build.0 = Release|x64
		{47F608CA-2A23-464A-A227-8BE407A9E356}.Release|x86.ActiveCfg = Release|Win32
		{47F608CA-2A23-464A-A227-8BE407A9E356}.Release|x86.Build.0 = Release|Win32
		{2A3E8327-EFE1-48D5-97F5-39440D930A3A}.Debug|x64.ActiveCfg = Debug|x64
		{2A3E8327-EFE1-48D5-97F5-39440D930A3A}.Debug|x64.Build.0 = Debug|x64
		{2A3E8327-EFE1-48D5-97F5-39440D930A3A}.Debug|x86.ActiveCfg = Debug|Win32
		{2A3E8327-EFE1-48D5-97F5-39440D930A3A}.Debug|x86.Build.0 = Debug|Win32
		{2A3E8327-EFE1-48D5-97F5-39440D930A3A}.Release|x64.ActiveCfg = Release|x64
		{2A3E8327-EFE1-48D5-97F5-39440D930A3A}.Release|x64.Build.0 = Release|x64
		{2A3E8327-EFE1-48D5-97F5-39440D930A3A}.Release|x86.ActiveCfg = Release|Win32
		{2A3E8327-EFE1-48D5-97F5-39440D930A3A}.Release|x86.Build.0 = Release|Win32
		{7F310D88-B6E5-492B-9DBE-F5ABAE99FDDF}.Debug|x64.ActiveCfg = Debug|x64
		{7F310D88-B6E5-492B-9DBE-F5ABAE99FDDF}.Debug|x64.Build.0 = Debug|x64
		{7F310D88-B6E5-492B-9DBE-F5ABAE99FDDF}.Debug|x86.ActiveCfg = Debug|Win32
		{7F310D88-B6E5-492B-9DBE-F5ABAE99FDDF}.Debug|x86.Build.0 = Debug|Win32
		{7F310D88-B6E5-492B-9DBE-F5ABAE99FDDF}.Release|x64.ActiveCfg = Release|x64
		{7F310D88-B6E5-492B-9DBE-F5ABAE99FDDF}.Release|x64.Build.0 = Release|x64
		{7F310D88-B6E5-492B-9DBE-F5ABAE99FDDF}.Release|x86.ActiveCfg = Release|Win32
		{7F310D88-B6E5-492B-9DBE-F5ABAE99FDDF}.Release|x86.Build.0 = Release|Win32
	EndGlobalSection
	GlobalSection(SolutionProperties) = preSolution
		HideSolutionNode = FALSE
	EndGlobalSection
EndGlobal
